<?xml version="1.0" encoding="utf-8"?>
<Project xmlns="http://schemas.microsoft.com/developer/msbuild/2003">
  <PropertyGroup>
    <ProjectVersion>15.0</ProjectVersion>
    <MainSource>ResourceSample.dpr</MainSource>
    <DCC_UnitSearchPath>.;$(DCC_UnitSearchPath)</DCC_UnitSearchPath>
    <BRCC_OutputDir>.\generated</BRCC_OutputDir>
  </PropertyGroup>
  <PropertyGroup Condition="'$(Base)'!=''">
    <DCC_ExeOutput>.\bin\$(Config)</DCC_ExeOutput>
    <DCC_DcuOutput>.\dcu\$(Platform)\$(Config)</DCC_DcuOutput>
  </PropertyGroup>
  <ItemGroup>
    <DelphiCompile Include="$(MainSource)">
      <MainSource>MainSource</MainSource>
    </DelphiCompile>
    <DCCReference Include="ResourceUnit.pas" />
    <RcCompile Include="ResourceUnit.rc" />
    <BuildConfiguration Include="Base">
      <Key>Base</Key>
    </BuildConfiguration>
    <BuildConfiguration Include="Debug">
      <Key>Cfg_1</Key>
      <CfgParent>Base</CfgParent>
    </BuildConfiguration>
  </ItemGroup>
  <Import Project="$(BDS)\Bin\CodeGear.Delphi.Targets" />
</Project>
